# THIS IS AN AUTOGENERATED FILE. DO NOT EDIT THIS FILE DIRECTLY.
# yarn lockfile v1


"@triply/triplydb@^2.1.29":
  version "2.1.29"
  resolved "https://registry.yarnpkg.com/@triply/triplydb/-/triplydb-2.1.29.tgz#d36650e001adaad3397599f41240c12d297852d6"
  integrity sha512-5qWqMKabRi2N65JMyp4ffpjzOA41UuqhobgIXuRxZsgPAhMcj8543CTq/VaOOObH/V4KCJDvLGbeppVt5KxlBw==
  dependencies:
    "@triply/tus-js-client" "^1.4.6-1"
    "@triply/utils" "^1.3.79"
    "@types/pumpify" "^1.4.1"
    "@types/rdf-js" "^4.0.1"
    "@types/semver" "^7.3.4"
    "@types/sparqljs" "^3.1.1"
    colors "^1.4.0"
    commander "^7.1.0"
    cross-fetch "^3.0.6"
    debug "^4.1.1"
    form-data "^4.0.0"
    fs-extra "^9.1.0"
    jwt-decode "^3.1.2"
    lodash "^4.17.21"
    md5 "^2.3.0"
    parse-link-header "^1.0.1"
    pumpify "^2.0.1"
    query-string "^6.14.1"
    semver "^7.3.4"
    sparqljs "^3.4.2"
    ts-essentials "^7.0.0"

"@triply/tus-js-client@^1.4.6-1":
  version "1.4.6-1"
  resolved "https://registry.yarnpkg.com/@triply/tus-js-client/-/tus-js-client-1.4.6-1.tgz#aad9888511bd5f8ee10da65afea04930854d9ad2"
  integrity sha512-A62GpeIBlNM4o1OscWn0ec7wYOkpfp6XHA50yYwhJOjKLIs8hGrOmiNd+wtcBnAmS1Ob/3mk3FeHSjS3Z5Pzlg==
  dependencies:
    buffer-from "^0.1.1"
    extend "^3.0.0"
    lodash.throttle "^4.1.1"
    resolve-url "^0.2.1"

"@triply/utils@^1.3.79":
  version "1.3.79"
  resolved "https://registry.yarnpkg.com/@triply/utils/-/utils-1.3.79.tgz#a89905911fec55de807062187af125069cfe16d6"
  integrity sha512-AYQ+l61LSdK4ISG2Vixi6yDZRzsSofe7y+NmHxBUwqMLnsBlUKrBLds10Qa8bO9B0xoPuPXuq6xhyrk2Hwa35g==
  dependencies:
    "@types/n3" "^1.4.4"
    "@types/sparqljs" "^3.1.1"
    autocast "0.0.4"
    deepdash "^5.2.1"
    fs-extra "^9.0.1"
    immutable "^4.0.0-rc.12"
    lodash "^4.17.19"
    n3 "^1.8.0"
    rdf-string "^1.4.2"
    source-map-support "^0.5.19"
    sparqljs "3.4.1"
    through2 "^4.0.2"
    ts-essentials "^7.0.1"
    url-parse "^1.4.4"
    wellknown "^0.5.0"

"@types/cookiejar@*":
  version "2.1.2"
  resolved "https://registry.npmjs.org/@types/cookiejar/-/cookiejar-2.1.2.tgz"
  integrity sha512-t73xJJrvdTjXrn4jLS9VSGRbz0nUY3cl2DMGDU48lKl+HR9dbbjW2A9r3g40VA++mQpy6uuHg33gy7du2BKpog==

"@types/duplexify@*":
  version "3.6.0"
  resolved "https://registry.yarnpkg.com/@types/duplexify/-/duplexify-3.6.0.tgz#dfc82b64bd3a2168f5bd26444af165bf0237dcd8"
  integrity sha512-5zOA53RUlzN74bvrSGwjudssD9F3a797sDZQkiYpUOxW+WHaXTCPz4/d5Dgi6FKnOqZ2CpaTo0DhgIfsXAOE/A==
  dependencies:
    "@types/node" "*"

"@types/n3@^1.4.4":
  version "1.8.0"
  resolved "https://registry.yarnpkg.com/@types/n3/-/n3-1.8.0.tgz#9cf637e22c6c3fe290b04ee0f2451127922807d6"
  integrity sha512-uyVeuz1TmdmKORidY0+hSfhonXgMk/hzpTnfZXG4HmQdXdykeoi7ohVxmAfYX21aaIcx9wJr1nqRN1griAOMPw==
  dependencies:
    "@types/node" "*"
    "@types/rdf-js" "*"

"@types/node@*":
  version "15.0.1"
  resolved "https://registry.yarnpkg.com/@types/node/-/node-15.0.1.tgz#ef34dea0881028d11398be5bf4e856743e3dc35a"
  integrity sha512-TMkXt0Ck1y0KKsGr9gJtWGjttxlZnnvDtphxUOSd0bfaR6Q1jle+sPvrzNR1urqYTWMinoKvjKfXUGsumaO1PA==

"@types/pumpify@^1.4.1":
  version "1.4.1"
  resolved "https://registry.yarnpkg.com/@types/pumpify/-/pumpify-1.4.1.tgz#5a0650f39a3f8f077c7e544d0c5ae2899b28394c"
  integrity sha512-l7u/Dnh1OG9T7VH6TvulR0g8oE8hgIW5409mSUKi8Vxw2+JV18aTa06Sv5bvNjrD0zbsB/cuZ/iTFQgFNfzIuw==
  dependencies:
    "@types/duplexify" "*"
    "@types/node" "*"

"@types/rdf-js@*", "@types/rdf-js@^4.0.0", "@types/rdf-js@^4.0.1":
  version "4.0.1"
  resolved "https://registry.yarnpkg.com/@types/rdf-js/-/rdf-js-4.0.1.tgz#bf89dfc080e292f06273f059b3a82e5e69fec4c0"
  integrity sha512-S+28+3RoFI+3arls7dS813gYnhb2HiyLX+gs00rgIvCzHU93DaYajhx4tyT+XEO8SjtzZw90OF4OVdYXBwbvkQ==
  dependencies:
    "@types/node" "*"

"@types/semver@^7.3.4":
  version "7.3.5"
  resolved "https://registry.yarnpkg.com/@types/semver/-/semver-7.3.5.tgz#74deebbbcb1e86634dbf10a5b5e8798626f5a597"
  integrity sha512-iotVxtCCsPLRAvxMFFgxL8HD2l4mAZ2Oin7/VJ2ooWO0VOK4EGOGmZWZn1uCq7RofR3I/1IOSjCHlFT71eVK0Q==

"@types/sparqljs@^3.1.1":
  version "3.1.1"
  resolved "https://registry.yarnpkg.com/@types/sparqljs/-/sparqljs-3.1.1.tgz#2569e958ffa4a1172272bac2835f5e6d1c17a10f"
  integrity sha512-S/+x6MDEBzVlLvBhsH/r6UvD3I0jXYpWiahCNkcmd8Dli6brxAiTorQ1ZKIGpPgP1tmZrmuQ075Fi7KIrrMXDA==
  dependencies:
    "@types/rdf-js" "*"

"@types/superagent@^4.1.10":
  version "4.1.10"
  resolved "https://registry.npmjs.org/@types/superagent/-/superagent-4.1.10.tgz"
  integrity sha512-xAgkb2CMWUMCyVc/3+7iQfOEBE75NvuZeezvmixbUw3nmENf2tCnQkW5yQLTYqvXUQ+R6EXxdqKKbal2zM5V/g==
  dependencies:
    "@types/cookiejar" "*"
    "@types/node" "*"

asynckit@^0.4.0:
  version "0.4.0"
  resolved "https://registry.yarnpkg.com/asynckit/-/asynckit-0.4.0.tgz#c79ed97f7f34cb8f2ba1bc9790bcc366474b4b79"
  integrity sha1-x57Zf380y48robyXkLzDZkdLS3k=

at-least-node@^1.0.0:
  version "1.0.0"
  resolved "https://registry.yarnpkg.com/at-least-node/-/at-least-node-1.0.0.tgz#602cd4b46e844ad4effc92a8011a3c46e0238dc2"
  integrity sha512-+q/t7Ekv1EDY2l6Gda6LLiX14rU9TV20Wa3ofeQmwPFZbOMo9DXrLbOjFaaclkXKWidIaopwAObQDqwWtGUjqg==

autocast@0.0.4:
  version "0.0.4"
  resolved "https://registry.yarnpkg.com/autocast/-/autocast-0.0.4.tgz#ece7d92527ca37ea502f99e8f41fe44daf00dbce"
  integrity sha1-7OfZJSfKN+pQL5no9B/kTa8A284=

buffer-from@^0.1.1:
  version "0.1.2"
  resolved "https://registry.yarnpkg.com/buffer-from/-/buffer-from-0.1.2.tgz#15f4b9bcef012044df31142c14333caf6e0260d0"
  integrity sha512-RiWIenusJsmI2KcvqQABB83tLxCByE3upSP8QU3rJDMVFGPWLvPQJt/O1Su9moRWeH7d+Q2HYb68f6+v+tw2vg==

buffer-from@^1.0.0:
  version "1.1.1"
  resolved "https://registry.yarnpkg.com/buffer-from/-/buffer-from-1.1.1.tgz#32713bc028f75c02fdb710d7c7bcec1f2c6070ef"
  integrity sha512-MQcXEUbCKtEo7bhqEs6560Hyd4XaovZlO/k9V3hjVUF/zwW7KBVdSK4gIt/bzwS9MbR5qob+F5jusZsb0YQK2A==

call-bind@^1.0.0:
  version "1.0.2"
  resolved "https://registry.npmjs.org/call-bind/-/call-bind-1.0.2.tgz"
  integrity sha512-7O+FbCihrB5WGbFYesctwmTKae6rOiIzmz1icreWJ+0aA7LJfuqhEso2T9ncpcFtzMQtzXf2QGGueWJGTYsqrA==
  dependencies:
    function-bind "^1.1.1"
    get-intrinsic "^1.0.2"

charenc@0.0.2:
  version "0.0.2"
  resolved "https://registry.yarnpkg.com/charenc/-/charenc-0.0.2.tgz#c0a1d2f3a7092e03774bfa83f14c0fc5790a8667"
  integrity sha1-wKHS86cJLgN3S/qD8UwPxXkKhmc=

colors@^1.4.0:
  version "1.4.0"
  resolved "https://registry.yarnpkg.com/colors/-/colors-1.4.0.tgz#c50491479d4c1bdaed2c9ced32cf7c7dc2360f78"
  integrity sha512-a+UqTh4kgZg/SlGvfbzDHpgRu7AAQOmmqRHJnxhRZICKFUT91brVhNNt58CMWU9PsBbv3PDCZUHbVxuDiH2mtA==

combined-stream@^1.0.8:
  version "1.0.8"
  resolved "https://registry.yarnpkg.com/combined-stream/-/combined-stream-1.0.8.tgz#c3d45a8b34fd730631a110a8a2520682b31d5a7f"
  integrity sha512-FQN4MRfuJeHf7cBbBMJFXhKSDq+2kAArBlmRBvcvFE5BB1HZKXtSFASDhdlz9zOYwxh8lDdnvmMOe/+5cdoEdg==
  dependencies:
    delayed-stream "~1.0.0"

commander@^7.1.0:
  version "7.2.0"
  resolved "https://registry.yarnpkg.com/commander/-/commander-7.2.0.tgz#a36cb57d0b501ce108e4d20559a150a391d97ab7"
  integrity sha512-QrWXB+ZQSVPmIWIhtEO9H+gwHaMGYiF5ChvoJ+K9ZGHG/sVsa6yiesAD1GC/x46sET00Xlwo1u49RVVVzvcSkw==

component-emitter@^1.3.0:
  version "1.3.0"
  resolved "https://registry.npmjs.org/component-emitter/-/component-emitter-1.3.0.tgz"
  integrity sha512-Rd3se6QB+sO1TwqZjscQrurpEPIfO0/yYnSin6Q/rD3mOutHvUrCAhJub3r90uNb+SESBuE0QYoB90YdfatsRg==

concat-stream@~1.5.0:
  version "1.5.2"
  resolved "https://registry.yarnpkg.com/concat-stream/-/concat-stream-1.5.2.tgz#708978624d856af41a5a741defdd261da752c266"
  integrity sha1-cIl4Yk2FavQaWnQd790mHadSwmY=
  dependencies:
    inherits "~2.0.1"
    readable-stream "~2.0.0"
    typedarray "~0.0.5"

cookiejar@^2.1.2:
  version "2.1.2"
  resolved "https://registry.npmjs.org/cookiejar/-/cookiejar-2.1.2.tgz"
  integrity sha512-Mw+adcfzPxcPeI+0WlvRrr/3lGVO0bD75SxX6811cxSh1Wbxx7xZBGK1eVtDf6si8rg2lhnUjsVLMFMfbRIuwA==

core-util-is@~1.0.0:
  version "1.0.2"
  resolved "https://registry.yarnpkg.com/core-util-is/-/core-util-is-1.0.2.tgz#b5fd54220aa2bc5ab57aab7140c940754503c1a7"
  integrity sha1-tf1UIgqivFq1eqtxQMlAdUUDwac=

cross-fetch@^3.0.6:
  version "3.1.4"
  resolved "https://registry.yarnpkg.com/cross-fetch/-/cross-fetch-3.1.4.tgz#9723f3a3a247bf8b89039f3a380a9244e8fa2f39"
  integrity sha512-1eAtFWdIubi6T4XPy6ei9iUFoKpUkIF971QLN8lIvvvwueI65+Nw5haMNKUwfJxabqlIIDODJKGrQ66gxC0PbQ==
  dependencies:
    node-fetch "2.6.1"

crypt@0.0.2:
  version "0.0.2"
  resolved "https://registry.yarnpkg.com/crypt/-/crypt-0.0.2.tgz#88d7ff7ec0dfb86f713dc87bbb42d044d3e6c41b"
  integrity sha1-iNf/fsDfuG9xPch7u0LQRNPmxBs=

debug@^4.1.1:
  version "4.3.1"
  resolved "https://registry.yarnpkg.com/debug/-/debug-4.3.1.tgz#f0d229c505e0c6d8c49ac553d1b13dc183f6b2ee"
  integrity sha512-doEwdvm4PCeK4K3RQN2ZC2BYUBaxwLARCqZmMjtF8a51J2Rb0xpVloFRnCODwqjpwnAoao4pelN8l3RJdv3gRQ==
  dependencies:
    ms "2.1.2"

decode-uri-component@^0.2.0:
  version "0.2.0"
  resolved "https://registry.yarnpkg.com/decode-uri-component/-/decode-uri-component-0.2.0.tgz#eb3913333458775cb84cd1a1fae062106bb87545"
  integrity sha1-6zkTMzRYd1y4TNGh+uBiEGu4dUU=

deepdash@^5.2.1:
  version "5.3.7"
  resolved "https://registry.yarnpkg.com/deepdash/-/deepdash-5.3.7.tgz#bb8117a1c65c850209f1e478def5e80e3782812e"
  integrity sha512-jWRnA4nyfn63R9VUz8yoDExYjmOdQZ1C0icB7qxhDdM3REZVNBPWkv4COggS/HBxibWU+svwWKSr/BmacI/dKA==
  dependencies:
    lodash "^4.17.21"
    lodash-es "^4.17.21"

delayed-stream@~1.0.0:
  version "1.0.0"
  resolved "https://registry.yarnpkg.com/delayed-stream/-/delayed-stream-1.0.0.tgz#df3ae199acadfb7d440aaae0b29e2272b24ec619"
  integrity sha1-3zrhmayt+31ECqrgsp4icrJOxhk=

duplexify@^4.1.1:
  version "4.1.1"
  resolved "https://registry.yarnpkg.com/duplexify/-/duplexify-4.1.1.tgz#7027dc374f157b122a8ae08c2d3ea4d2d953aa61"
  integrity sha512-DY3xVEmVHTv1wSzKNbwoU6nVjzI369Y6sPoqfYr0/xlx3IdX2n94xIszTcjPO8W8ZIv0Wb0PXNcjuZyT4wiICA==
  dependencies:
    end-of-stream "^1.4.1"
    inherits "^2.0.3"
    readable-stream "^3.1.1"
    stream-shift "^1.0.0"

end-of-stream@^1.1.0, end-of-stream@^1.4.1:
  version "1.4.4"
  resolved "https://registry.yarnpkg.com/end-of-stream/-/end-of-stream-1.4.4.tgz#5ae64a5f45057baf3626ec14da0ca5e4b2431eb0"
  integrity sha512-+uw1inIHVPQoaVuHzRyXd21icM+cnt4CzD5rW+NC1wjOUSTOs+Te7FOv7AhN7vS9x/oIyhLP5PR1H+phQAHu5Q==
  dependencies:
    once "^1.4.0"

extend@^3.0.0:
  version "3.0.2"
  resolved "https://registry.yarnpkg.com/extend/-/extend-3.0.2.tgz#f8b1136b4071fbd8eb140aff858b1019ec2915fa"
  integrity sha512-fjquC59cD7CyW6urNXK0FBufkZcoiGG80wTuPujX590cB5Ttln20E2UB4S/WARVqhXffZl2LNgS+gQdPIIim/g==

fast-safe-stringify@^2.0.7:
  version "2.0.7"
  resolved "https://registry.npmjs.org/fast-safe-stringify/-/fast-safe-stringify-2.0.7.tgz"
  integrity sha512-Utm6CdzT+6xsDk2m8S6uL8VHxNwI6Jub+e9NYTcAms28T84pTa25GJQV9j0CY0N1rM8hK4x6grpF2BQf+2qwVA==

filter-obj@^1.1.0:
  version "1.1.0"
  resolved "https://registry.yarnpkg.com/filter-obj/-/filter-obj-1.1.0.tgz#9b311112bc6c6127a16e016c6c5d7f19e0805c5b"
  integrity sha1-mzERErxsYSehbgFsbF1/GeCAXFs=

form-data@^3.0.0:
  version "3.0.1"
  resolved "https://registry.npmjs.org/form-data/-/form-data-3.0.1.tgz"
  integrity sha512-RHkBKtLWUVwd7SqRIvCZMEvAMoGUp0XU+seQiZejj0COz3RI3hWP4sCv3gZWWLjJTd7rGwcsF5eKZGii0r/hbg==
  dependencies:
    asynckit "^0.4.0"
    combined-stream "^1.0.8"
    mime-types "^2.1.12"

form-data@^4.0.0:
  version "4.0.0"
  resolved "https://registry.yarnpkg.com/form-data/-/form-data-4.0.0.tgz#93919daeaf361ee529584b9b31664dc12c9fa452"
  integrity sha512-ETEklSGi5t0QMZuiXoA/Q6vcnxcLQP5vdugSpuAyi6SVGi2clPPp+xgEhuMaHC+zGgn31Kd235W35f7Hykkaww==
  dependencies:
    asynckit "^0.4.0"
    combined-stream "^1.0.8"
    mime-types "^2.1.12"

formidable@^1.2.2:
  version "1.2.2"
  resolved "https://registry.npmjs.org/formidable/-/formidable-1.2.2.tgz"
  integrity sha512-V8gLm+41I/8kguQ4/o1D3RIHRmhYFG4pnNyonvua+40rqcEmT4+V71yaZ3B457xbbgCsCfjSPi65u/W6vK1U5Q==

fs-extra@^9.0.1, fs-extra@^9.1.0:
  version "9.1.0"
  resolved "https://registry.yarnpkg.com/fs-extra/-/fs-extra-9.1.0.tgz#5954460c764a8da2094ba3554bf839e6b9a7c86d"
  integrity sha512-hcg3ZmepS30/7BSFqRvoo3DOMQu7IjqxO5nCDt+zM9XWjb33Wg7ziNT+Qvqbuc3+gWpzO02JubVyk2G4Zvo1OQ==
  dependencies:
    at-least-node "^1.0.0"
    graceful-fs "^4.2.0"
    jsonfile "^6.0.1"
    universalify "^2.0.0"

function-bind@^1.1.1:
  version "1.1.1"
  resolved "https://registry.npmjs.org/function-bind/-/function-bind-1.1.1.tgz"
  integrity sha512-yIovAzMX49sF8Yl58fSCWJ5svSLuaibPxXQJFLmBObTuCr0Mf1KiPopGM9NiFjiYBCbfaa2Fh6breQ6ANVTI0A==

get-intrinsic@^1.0.2:
  version "1.1.1"
  resolved "https://registry.npmjs.org/get-intrinsic/-/get-intrinsic-1.1.1.tgz"
  integrity sha512-kWZrnVM42QCiEA2Ig1bG8zjoIMOgxWwYCEeNdwY6Tv/cOSeGpcoX4pXHfKUxNKVoArnrEr2e9srnAxxGIraS9Q==
  dependencies:
    function-bind "^1.1.1"
    has "^1.0.3"
    has-symbols "^1.0.1"

graceful-fs@^4.1.6, graceful-fs@^4.2.0:
  version "4.2.6"
  resolved "https://registry.yarnpkg.com/graceful-fs/-/graceful-fs-4.2.6.tgz#ff040b2b0853b23c3d31027523706f1885d76bee"
  integrity sha512-nTnJ528pbqxYanhpDYsi4Rd8MAeaBA67+RZ10CM1m3bTAVFEDcd5AuA4a6W5YkGZ1iNXHzZz8T6TBKLeBuNriQ==

has-symbols@^1.0.1:
  version "1.0.2"
  resolved "https://registry.npmjs.org/has-symbols/-/has-symbols-1.0.2.tgz"
  integrity sha512-chXa79rL/UC2KlX17jo3vRGz0azaWEx5tGqZg5pO3NUyEJVB17dMruQlzCCOfUvElghKcm5194+BCRvi2Rv/Gw==

has@^1.0.3:
  version "1.0.3"
  resolved "https://registry.npmjs.org/has/-/has-1.0.3.tgz"
  integrity sha512-f2dvO0VU6Oej7RkWJGrehjbzMAjFp5/VKPp5tTpWIV4JHHZK1/BxbFRtf/siA2SWTe09caDmVtYYzWEIbBS4zw==
  dependencies:
    function-bind "^1.1.1"

immutable@^4.0.0-rc.12:
  version "4.0.0-rc.12"
  resolved "https://registry.yarnpkg.com/immutable/-/immutable-4.0.0-rc.12.tgz#ca59a7e4c19ae8d9bf74a97bdf0f6e2f2a5d0217"
  integrity sha512-0M2XxkZLx/mi3t8NVwIm1g8nHoEmM9p9UBl/G9k4+hm0kBgOVdMV/B3CY5dQ8qG8qc80NN4gDV4HQv6FTJ5q7A==

inherits@^2.0.3, inherits@~2.0.1:
  version "2.0.4"
  resolved "https://registry.yarnpkg.com/inherits/-/inherits-2.0.4.tgz#0fa2c64f932917c3433a0ded55363aae37416b7c"
  integrity sha512-k/vGaX4/Yla3WzyMCvTQOXYeIHvqOKtnqBduzTHpzpQZzAskKMhZ2K+EnBiSM9zGSoIFeMpXKxa4dYeZIQqewQ==

is-buffer@~1.1.6:
  version "1.1.6"
  resolved "https://registry.yarnpkg.com/is-buffer/-/is-buffer-1.1.6.tgz#efaa2ea9daa0d7ab2ea13a97b2b8ad51fefbe8be"
  integrity sha512-NcdALwpXkTm5Zvvbk7owOUSvVvBKDgKP5/ewfXEznmQFfs4ZRmanOeKBTjRVjka3QFoN6XJ+9F3USqfHqTaU5w==

isarray@~1.0.0:
  version "1.0.0"
  resolved "https://registry.yarnpkg.com/isarray/-/isarray-1.0.0.tgz#bb935d48582cba168c06834957a54a3e07124f11"
  integrity sha1-u5NdSFgsuhaMBoNJV6VKPgcSTxE=

jsonfile@^6.0.1:
  version "6.1.0"
  resolved "https://registry.yarnpkg.com/jsonfile/-/jsonfile-6.1.0.tgz#bc55b2634793c679ec6403094eb13698a6ec0aae"
  integrity sha512-5dgndWOriYSm5cnYaJNhalLNDKOqFwyDB/rr1E9ZsGciGvKPs8R2xYGCacuf3z6K1YKDz182fd+fY3cn3pMqXQ==
  dependencies:
    universalify "^2.0.0"
  optionalDependencies:
    graceful-fs "^4.1.6"

jwt-decode@^3.1.2:
  version "3.1.2"
  resolved "https://registry.yarnpkg.com/jwt-decode/-/jwt-decode-3.1.2.tgz#3fb319f3675a2df0c2895c8f5e9fa4b67b04ed59"
  integrity sha512-UfpWE/VZn0iP50d8cz9NrZLM9lSWhcJ+0Gt/nm4by88UL+J1SiKN8/5dkjMmbEzwL2CAe+67GsegCbIKtbp75A==

lodash-es@^4.17.21:
  version "4.17.21"
  resolved "https://registry.yarnpkg.com/lodash-es/-/lodash-es-4.17.21.tgz#43e626c46e6591b7750beb2b50117390c609e3ee"
  integrity sha512-mKnC+QJ9pWVzv+C4/U3rRsHapFfHvQFoFB92e52xeyGMcX6/OlIl78je1u8vePzYZSkkogMPJ2yjxxsb89cxyw==

lodash.throttle@^4.1.1:
  version "4.1.1"
  resolved "https://registry.yarnpkg.com/lodash.throttle/-/lodash.throttle-4.1.1.tgz#c23e91b710242ac70c37f1e1cda9274cc39bf2f4"
  integrity sha1-wj6RtxAkKscMN/HhzaknTMOb8vQ=

lodash@^4.17.19, lodash@^4.17.21:
  version "4.17.21"
  resolved "https://registry.yarnpkg.com/lodash/-/lodash-4.17.21.tgz#679591c564c3bffaae8454cf0b3df370c3d6911c"
  integrity sha512-v2kDEe57lecTulaDIuNTPy3Ry4gLGJ6Z1O3vE1krgXZNrsQ+LFTGHVxVjcXPs17LhbZVGedAJv8XZ1tvj5FvSg==

lru-cache@^6.0.0:
  version "6.0.0"
  resolved "https://registry.yarnpkg.com/lru-cache/-/lru-cache-6.0.0.tgz#6d6fe6570ebd96aaf90fcad1dafa3b2566db3a94"
  integrity sha512-Jo6dJ04CmSjuznwJSS3pUeWmd/H0ffTlkXXgwZi+eq1UCmqQwCh+eLsYOYCwY991i2Fah4h1BEMCx4qThGbsiA==
  dependencies:
    yallist "^4.0.0"

md5@^2.3.0:
  version "2.3.0"
  resolved "https://registry.yarnpkg.com/md5/-/md5-2.3.0.tgz#c3da9a6aae3a30b46b7b0c349b87b110dc3bda4f"
  integrity sha512-T1GITYmFaKuO91vxyoQMFETst+O71VUPEU3ze5GNzDm0OWdP8v1ziTaAEPUr/3kLsY3Sftgz242A1SetQiDL7g==
  dependencies:
    charenc "0.0.2"
    crypt "0.0.2"
    is-buffer "~1.1.6"

methods@^1.1.2:
  version "1.1.2"
  resolved "https://registry.npmjs.org/methods/-/methods-1.1.2.tgz"
  integrity sha1-VSmk1nZUE07cxSZmVoNbD4Ua/O4=

mime-db@1.47.0:
  version "1.47.0"
  resolved "https://registry.yarnpkg.com/mime-db/-/mime-db-1.47.0.tgz#8cb313e59965d3c05cfbf898915a267af46a335c"
  integrity sha512-QBmA/G2y+IfeS4oktet3qRZ+P5kPhCKRXxXnQEudYqUaEioAU1/Lq2us3D/t1Jfo4hE9REQPrbB7K5sOczJVIw==

mime-types@^2.1.12:
  version "2.1.30"
  resolved "https://registry.yarnpkg.com/mime-types/-/mime-types-2.1.30.tgz#6e7be8b4c479825f85ed6326695db73f9305d62d"
  integrity sha512-crmjA4bLtR8m9qLpHvgxSChT+XoSlZi8J4n/aIdn3z92e/U47Z0V/yl+Wh9W046GgFVAmoNR/fmdbZYcSSIUeg==
  dependencies:
    mime-db "1.47.0"

mime@^2.4.6:
  version "2.5.2"
  resolved "https://registry.npmjs.org/mime/-/mime-2.5.2.tgz"
  integrity sha512-tqkh47FzKeCPD2PUiPB6pkbMzsCasjxAfC62/Wap5qrUWcb+sFasXUC5I3gYM5iBM8v/Qpn4UK0x+j0iHyFPDg==

minimist@~1.2.0:
  version "1.2.5"
  resolved "https://registry.yarnpkg.com/minimist/-/minimist-1.2.5.tgz#67d66014b66a6a8aaa0c083c5fd58df4e4e97602"
  integrity sha512-FM9nNUYrRBAELZQT3xeZQ7fmMOBg6nWNmJKTcgsJeaLstP/UODVpGsr5OhXhhXg6f+qtJ8uiZ+PUxkDWcgIXLw==

ms@2.1.2:
  version "2.1.2"
  resolved "https://registry.yarnpkg.com/ms/-/ms-2.1.2.tgz#d09d1f357b443f493382a8eb3ccd183872ae6009"
  integrity sha512-sGkPx+VjMtmA6MX27oA4FBFELFCZZ4S4XqeGOXCv68tT+jb3vk/RyaKWP0PTKyWtmLSM0b+adUTEvbs1PEaH2w==

n3@^1.8.0:
  version "1.10.0"
  resolved "https://registry.yarnpkg.com/n3/-/n3-1.10.0.tgz#4ebc725ad4c7a1ee4fac184b7b42114d620ba8c7"
  integrity sha512-y+qpS0GktEBttOaDR+BF1t1G2fw4Xn4nCZWNn+7MvEmD2I4YpMH6OJF/xHKSwInCxOC9vu9eI6pluB9/RDUyZQ==
  dependencies:
    queue-microtask "^1.1.2"
    readable-stream "^3.6.0"

node-fetch@2.6.1:
  version "2.6.1"
  resolved "https://registry.yarnpkg.com/node-fetch/-/node-fetch-2.6.1.tgz#045bd323631f76ed2e2b55573394416b639a0052"
  integrity sha512-V4aYg89jEoVRxRb2fJdAg8FHvI7cEyYdVAh94HH0UIK8oJxUfkjlDQN9RbMx+bEjP7+ggMiFRprSti032Oipxw==

object-inspect@^1.9.0:
  version "1.10.2"
  resolved "https://registry.npmjs.org/object-inspect/-/object-inspect-1.10.2.tgz"
  integrity sha512-gz58rdPpadwztRrPjZE9DZLOABUpTGdcANUgOwBFO1C+HZZhePoP83M65WGDmbpwFYJSWqavbl4SgDn4k8RYTA==

once@^1.3.1, once@^1.4.0:
  version "1.4.0"
  resolved "https://registry.yarnpkg.com/once/-/once-1.4.0.tgz#583b1aa775961d4b113ac17d9c50baef9dd76bd1"
  integrity sha1-WDsap3WWHUsROsF9nFC6753Xa9E=
  dependencies:
    wrappy "1"

parse-link-header@^1.0.1:
  version "1.0.1"
  resolved "https://registry.yarnpkg.com/parse-link-header/-/parse-link-header-1.0.1.tgz#bedfe0d2118aeb84be75e7b025419ec8a61140a7"
  integrity sha1-vt/g0hGK64S+deewJUGeyKYRQKc=
  dependencies:
    xtend "~4.0.1"

process-nextick-args@~1.0.6:
  version "1.0.7"
  resolved "https://registry.yarnpkg.com/process-nextick-args/-/process-nextick-args-1.0.7.tgz#150e20b756590ad3f91093f25a4f2ad8bff30ba3"
  integrity sha1-FQ4gt1ZZCtP5EJPyWk8q2L/zC6M=

pump@^3.0.0:
  version "3.0.0"
  resolved "https://registry.yarnpkg.com/pump/-/pump-3.0.0.tgz#b4a2116815bde2f4e1ea602354e8c75565107a64"
  integrity sha512-LwZy+p3SFs1Pytd/jYct4wpv49HiYCqd9Rlc5ZVdk0V+8Yzv6jR5Blk3TRmPL1ft69TxP0IMZGJ+WPFU2BFhww==
  dependencies:
    end-of-stream "^1.1.0"
    once "^1.3.1"

pumpify@^2.0.1:
  version "2.0.1"
  resolved "https://registry.yarnpkg.com/pumpify/-/pumpify-2.0.1.tgz#abfc7b5a621307c728b551decbbefb51f0e4aa1e"
  integrity sha512-m7KOje7jZxrmutanlkS1daj1dS6z6BgslzOXmcSEpIlCxM3VJH7lG5QLeck/6hgF6F4crFf01UtQmNsJfweTAw==
  dependencies:
    duplexify "^4.1.1"
    inherits "^2.0.3"
    pump "^3.0.0"

qs@^6.9.4:
  version "6.10.1"
  resolved "https://registry.npmjs.org/qs/-/qs-6.10.1.tgz"
  integrity sha512-M528Hph6wsSVOBiYUnGf+K/7w0hNshs/duGsNXPUCLH5XAqjEtiPGwNONLV0tBH8NoGb0mvD5JubnUTrujKDTg==
  dependencies:
    side-channel "^1.0.4"

query-string@^6.14.1:
  version "6.14.1"
  resolved "https://registry.yarnpkg.com/query-string/-/query-string-6.14.1.tgz#7ac2dca46da7f309449ba0f86b1fd28255b0c86a"
  integrity sha512-XDxAeVmpfu1/6IjyT/gXHOl+S0vQ9owggJ30hhWKdHAsNPOcasn5o9BW0eejZqL2e4vMjhAxoW3jVHcD6mbcYw==
  dependencies:
    decode-uri-component "^0.2.0"
    filter-obj "^1.1.0"
    split-on-first "^1.0.0"
    strict-uri-encode "^2.0.0"

querystringify@^2.1.1:
  version "2.2.0"
  resolved "https://registry.yarnpkg.com/querystringify/-/querystringify-2.2.0.tgz#3345941b4153cb9d082d8eee4cda2016a9aef7f6"
  integrity sha512-FIqgj2EUvTa7R50u0rGsyTftzjYmv/a3hO345bZNrqabNqjtgiDMgmo4mkUjd+nzU5oF3dClKqFIPUKybUyqoQ==

queue-microtask@^1.1.2:
  version "1.2.3"
  resolved "https://registry.yarnpkg.com/queue-microtask/-/queue-microtask-1.2.3.tgz#4929228bbc724dfac43e0efb058caf7b6cfb6243"
  integrity sha512-NuaNSa6flKT5JaSYQzJok04JzTL1CA6aGhv5rfLW3PgqA+M2ChpZQnAC8h8i4ZFkBS8X5RqkDBHA7r4hej3K9A==

rdf-data-factory@^1.0.0, rdf-data-factory@^1.0.4:
  version "1.0.4"
  resolved "https://registry.yarnpkg.com/rdf-data-factory/-/rdf-data-factory-1.0.4.tgz#4e22fc462620fbca650eb2d26c4a13a103edd777"
  integrity sha512-ZIIwEkLcV7cTc+atvQFzAETFVRHz1BRe/MhdkZqYse8vxskErj8/bF/Ittc3B5c0GTyw6O3jVF2V7xBRGyRoSQ==
  dependencies:
    "@types/rdf-js" "^4.0.0"

rdf-string@^1.4.2:
  version "1.5.0"
  resolved "https://registry.yarnpkg.com/rdf-string/-/rdf-string-1.5.0.tgz#5d0118f8788fe509f06d8cefc181fd979d712412"
  integrity sha512-3TEJuDIKUADgZrfcZG+zAN4GfVA1Ei2sKA7Z7QVHkAE36wWoRGPJbGihPQMldgzvy9lG2nzZU+CXz+6oGSQNsQ==
  dependencies:
    rdf-data-factory "^1.0.0"

readable-stream@3, readable-stream@^3.1.1, readable-stream@^3.6.0:
  version "3.6.0"
  resolved "https://registry.yarnpkg.com/readable-stream/-/readable-stream-3.6.0.tgz#337bbda3adc0706bd3e024426a286d4b4b2c9198"
  integrity sha512-BViHy7LKeTz4oNnkcLJ+lVSL6vpiFeX6/d3oSH8zCW7UxP2onchk+vTGB143xuFjHS3deTgkKoXXymXqymiIdA==
  dependencies:
    inherits "^2.0.3"
    string_decoder "^1.1.1"
    util-deprecate "^1.0.1"

readable-stream@~2.0.0:
  version "2.0.6"
  resolved "https://registry.yarnpkg.com/readable-stream/-/readable-stream-2.0.6.tgz#8f90341e68a53ccc928788dacfcd11b36eb9b78e"
  integrity sha1-j5A0HmilPMySh4jaz80Rs265t44=
  dependencies:
    core-util-is "~1.0.0"
    inherits "~2.0.1"
    isarray "~1.0.0"
    process-nextick-args "~1.0.6"
    string_decoder "~0.10.x"
    util-deprecate "~1.0.1"

requires-port@^1.0.0:
  version "1.0.0"
  resolved "https://registry.yarnpkg.com/requires-port/-/requires-port-1.0.0.tgz#925d2601d39ac485e091cf0da5c6e694dc3dcaff"
  integrity sha1-kl0mAdOaxIXgkc8NpcbmlNw9yv8=

resolve-url@^0.2.1:
  version "0.2.1"
  resolved "https://registry.yarnpkg.com/resolve-url/-/resolve-url-0.2.1.tgz#2c637fe77c893afd2a663fe21aa9080068e2052a"
  integrity sha1-LGN/53yJOv0qZj/iGqkIAGjiBSo=

safe-buffer@~5.2.0:
  version "5.2.1"
  resolved "https://registry.yarnpkg.com/safe-buffer/-/safe-buffer-5.2.1.tgz#1eaf9fa9bdb1fdd4ec75f58f9cdb4e6b7827eec6"
  integrity sha512-rp3So07KcdmmKbGvgaNxQSJr7bGVSVk5S9Eq1F+ppbRo70+YeaDxkw5Dd8NPN+GD6bjnYm2VuPuCXmpuYvmCXQ==

semver@^7.3.2, semver@^7.3.4:
  version "7.3.5"
  resolved "https://registry.npmjs.org/semver/-/semver-7.3.5.tgz"
  integrity sha512-PoeGJYh8HK4BTO/a9Tf6ZG3veo/A7ZVsYrSA6J8ny9nb3B1VrpkuN+z9OE5wfE5p6H4LchYZsegiQgbJD94ZFQ==
  dependencies:
    lru-cache "^6.0.0"

side-channel@^1.0.4:
  version "1.0.4"
  resolved "https://registry.npmjs.org/side-channel/-/side-channel-1.0.4.tgz"
  integrity sha512-q5XPytqFEIKHkGdiMIrY10mvLRvnQh42/+GoBlFW3b2LXLE2xxJpZFdm94we0BaoV3RwJyGqg5wS7epxTv0Zvw==
  dependencies:
    call-bind "^1.0.0"
    get-intrinsic "^1.0.2"
    object-inspect "^1.9.0"

source-map-support@^0.5.19:
  version "0.5.19"
  resolved "https://registry.yarnpkg.com/source-map-support/-/source-map-support-0.5.19.tgz#a98b62f86dcaf4f67399648c085291ab9e8fed61"
  integrity sha512-Wonm7zOCIJzBGQdB+thsPar0kYuCIzYvxZwlBa87yi/Mdjv7Tip2cyVbLj5o0cFPN4EVkuTwb3GDDyUx2DGnGw==
  dependencies:
    buffer-from "^1.0.0"
    source-map "^0.6.0"

source-map@^0.6.0:
  version "0.6.1"
  resolved "https://registry.yarnpkg.com/source-map/-/source-map-0.6.1.tgz#74722af32e9614e9c287a8d0bbde48b5e2f1a263"
  integrity sha512-UjgapumWlbMhkBgzT7Ykc5YXUT46F0iKu8SGXq0bcwP5dz/h0Plj6enJqjz1Zbq2l5WaqYnrVbwWOWMyF3F47g==

sparqljs@3.4.1:
  version "3.4.1"
  resolved "https://registry.yarnpkg.com/sparqljs/-/sparqljs-3.4.1.tgz#1da48bd1b7d71507108417a7fc111e8949c1ce23"
  integrity sha512-JKcKPFdpPLiNnZU4i3f2MUk3LBIh0pCd1mWIP1Zi+Te7umurJLDBYCygsRNPK9Pz8ZI5n66StiQRxzSPYqdxjQ==
  dependencies:
    rdf-data-factory "^1.0.4"

sparqljs@^3.4.2:
  version "3.4.2"
  resolved "https://registry.yarnpkg.com/sparqljs/-/sparqljs-3.4.2.tgz#ad69eb1ff62b3d1152f41ed50f01fae8638d18fa"
  integrity sha512-MmmZ6cMuvhf4Eh2FXX21dalgADUiZ9WN8XKMedwhTFg0r7W09/o8wvoZ8C4yA6FptnjjAjm+mGnxAEpkSRY3QQ==
  dependencies:
    rdf-data-factory "^1.0.4"

split-on-first@^1.0.0:
  version "1.1.0"
  resolved "https://registry.yarnpkg.com/split-on-first/-/split-on-first-1.1.0.tgz#f610afeee3b12bce1d0c30425e76398b78249a5f"
  integrity sha512-43ZssAJaMusuKWL8sKUBQXHWOpq8d6CfN/u1p4gUzfJkM05C8rxTmYrkIPTXapZpORA6LkkzcUulJ8FqA7Uudw==

stream-shift@^1.0.0:
  version "1.0.1"
  resolved "https://registry.yarnpkg.com/stream-shift/-/stream-shift-1.0.1.tgz#d7088281559ab2778424279b0877da3c392d5a3d"
  integrity sha512-AiisoFqQ0vbGcZgQPY1cdP2I76glaVA/RauYR4G4thNFgkTqr90yXTo4LYX60Jl+sIlPNHHdGSwo01AvbKUSVQ==

strict-uri-encode@^2.0.0:
  version "2.0.0"
  resolved "https://registry.yarnpkg.com/strict-uri-encode/-/strict-uri-encode-2.0.0.tgz#b9c7330c7042862f6b142dc274bbcc5866ce3546"
  integrity sha1-ucczDHBChi9rFC3CdLvMWGbONUY=

string_decoder@^1.1.1:
  version "1.3.0"
  resolved "https://registry.yarnpkg.com/string_decoder/-/string_decoder-1.3.0.tgz#42f114594a46cf1a8e30b0a84f56c78c3edac21e"
  integrity sha512-hkRX8U1WjJFd8LsDJ2yQ/wWWxaopEsABU1XfkM8A+j0+85JAGppt16cr1Whg6KIbb4okU6Mql6BOj+uup/wKeA==
  dependencies:
    safe-buffer "~5.2.0"

string_decoder@~0.10.x:
  version "0.10.31"
  resolved "https://registry.yarnpkg.com/string_decoder/-/string_decoder-0.10.31.tgz#62e203bc41766c6c28c9fc84301dab1c5310fa94"
  integrity sha1-YuIDvEF2bGwoyfyEMB2rHFMQ+pQ=

superagent@^6.1.0:
  version "6.1.0"
  resolved "https://registry.npmjs.org/superagent/-/superagent-6.1.0.tgz"
  integrity sha512-OUDHEssirmplo3F+1HWKUrUjvnQuA+nZI6i/JJBdXb5eq9IyEQwPyPpqND+SSsxf6TygpBEkUjISVRN4/VOpeg==
  dependencies:
    component-emitter "^1.3.0"
    cookiejar "^2.1.2"
    debug "^4.1.1"
    fast-safe-stringify "^2.0.7"
    form-data "^3.0.0"
    formidable "^1.2.2"
    methods "^1.1.2"
    mime "^2.4.6"
    qs "^6.9.4"
    readable-stream "^3.6.0"
    semver "^7.3.2"

through2@^4.0.2:
  version "4.0.2"
  resolved "https://registry.yarnpkg.com/through2/-/through2-4.0.2.tgz#a7ce3ac2a7a8b0b966c80e7c49f0484c3b239764"
  integrity sha512-iOqSav00cVxEEICeD7TjLB1sueEL+81Wpzp2bY17uZjZN0pWZPuo4suZ/61VujxmqSGFfgOcNuTZ85QJwNZQpw==
  dependencies:
    readable-stream "3"

ts-essentials@^7.0.0, ts-essentials@^7.0.1:
  version "7.0.1"
  resolved "https://registry.yarnpkg.com/ts-essentials/-/ts-essentials-7.0.1.tgz#d205508cae0cdadfb73c89503140cf2228389e2d"
  integrity sha512-8lwh3QJtIc1UWhkQtr9XuksXu3O0YQdEE5g79guDfhCaU1FWTDIEDZ1ZSx4HTHUmlJZ8L812j3BZQ4a0aOUkSA==

typedarray@~0.0.5:
  version "0.0.6"
  resolved "https://registry.yarnpkg.com/typedarray/-/typedarray-0.0.6.tgz#867ac74e3864187b1d3d47d996a78ec5c8830777"
  integrity sha1-hnrHTjhkGHsdPUfZlqeOxciDB3c=

typescript@^4.2.4:
  version "4.2.4"
  resolved "https://registry.npmjs.org/typescript/-/typescript-4.2.4.tgz"
  integrity sha512-V+evlYHZnQkaz8TRBuxTA92yZBPotr5H+WhQ7bD3hZUndx5tGOa1fuCgeSjxAzM1RiN5IzvadIXTVefuuwZCRg==

universalify@^2.0.0:
  version "2.0.0"
  resolved "https://registry.yarnpkg.com/universalify/-/universalify-2.0.0.tgz#75a4984efedc4b08975c5aeb73f530d02df25717"
  integrity sha512-hAZsKq7Yy11Zu1DE0OzWjw7nnLZmJZYTDZZyEFHZdUhV8FkH5MCfoU1XMaxXovpyW5nq5scPqq0ZDP9Zyl04oQ==

url-parse@^1.4.4:
  version "1.5.1"
  resolved "https://registry.yarnpkg.com/url-parse/-/url-parse-1.5.1.tgz#d5fa9890af8a5e1f274a2c98376510f6425f6e3b"
  integrity sha512-HOfCOUJt7iSYzEx/UqgtwKRMC6EU91NFhsCHMv9oM03VJcVo2Qrp8T8kI9D7amFf1cu+/3CEhgb3rF9zL7k85Q==
  dependencies:
    querystringify "^2.1.1"
    requires-port "^1.0.0"

util-deprecate@^1.0.1, util-deprecate@~1.0.1:
  version "1.0.2"
  resolved "https://registry.yarnpkg.com/util-deprecate/-/util-deprecate-1.0.2.tgz#450d4dc9fa70de732762fbd2d4a28981419a0ccf"
  integrity sha1-RQ1Nyfpw3nMnYvvS1KKJgUGaDM8=

wellknown@^0.5.0:
  version "0.5.0"
  resolved "https://registry.yarnpkg.com/wellknown/-/wellknown-0.5.0.tgz#09ae9871fa826cf0a6ec1537ef00c379d78d7101"
  integrity sha1-Ca6YcfqCbPCm7BU37wDDedeNcQE=
  dependencies:
    concat-stream "~1.5.0"
    minimist "~1.2.0"

wrappy@1:
  version "1.0.2"
  resolved "https://registry.yarnpkg.com/wrappy/-/wrappy-1.0.2.tgz#b5243d8f3ec1aa35f1364605bc0d1036e30ab69f"
  integrity sha1-tSQ9jz7BqjXxNkYFvA0QNuMKtp8=

xtend@~4.0.1:
  version "4.0.2"
  resolved "https://registry.yarnpkg.com/xtend/-/xtend-4.0.2.tgz#bb72779f5fa465186b1f438f674fa347fdb5db54"
  integrity sha512-LKYU1iAXJXUgAXn9URjiu+MWhyUXHsvfp7mcuYm9dSUKK0/CjtrUwFAxD82/mCWbtLsGjFIad0wIsod4zrTAEQ==

yallist@^4.0.0:
  version "4.0.0"
  resolved "https://registry.yarnpkg.com/yallist/-/yallist-4.0.0.tgz#9bb92790d9c0effec63be73519e11a35019a3a72"
  integrity sha512-3wdGidZyq5PB084XLES5TpOSRA3wjXAlIWMhum2kRcv/41Sn2emQ0dycQW4uZXLejwKvg6EsvbdlVL+FYEct7A==
